
Microsoft Visual Studio Solution File, Format Version 12.00
# Visual Studio 15
VisualStudioVersion = 15.0.26730.15
MinimumVisualStudioVersion = 10.0.40219.1
Project("{FAE04EC0-301F-11D3-BF4B-00C04F79EFBC}") = "Lab6", "Lab6\Lab6.csproj", "{AB16DF75-BDDC-429A-9326-FE82AE98C87C}"
EndProject
Project("{FAE04EC0-301F-11D3-BF4B-00C04F79EFBC}") = "Logic", "Logic\Logic.csproj", "{0EF6BB72-5E0D-4D3E-840E-63AF0DEB7A87}"
EndProject
Global
	GlobalSection(SolutionConfigurationPlatforms) = preSolution
		Debug|Any CPU = Debug|Any CPU
		Release|Any CPU = Release|Any CPU
	EndGlobalSection
	GlobalSection(ProjectConfigurationPlatforms) = postSolution
		{AB16DF75-BDDC-429A-9326-FE82AE98C87C}.Debug|Any CPU.ActiveCfg = Debug|Any CPU
		{AB16DF75-BDDC-429A-9326-FE82AE98C87C}.Debug|Any CPU.Build.0 = Debug|Any CPU
		{AB16DF75-BDDC-429A-9326-FE82AE98C87C}.Release|Any CPU.ActiveCfg = Release|Any CPU
		{AB16DF75-BDDC-429A-9326-FE82AE98C87C}.Release|Any CPU.Build.0 = Release|Any CPU
		{0EF6BB72-5E0D-4D3E-840E-63AF0DEB7A87}.Debug|Any CPU.ActiveCfg = Debug|Any CPU
		{0EF6BB72-5E0D-4D3E-840E-63AF0DEB7A87}.Debug|Any CPU.Build.0 = Debug|Any CPU
		{0EF6BB72-5E0D-4D3E-840E-63AF0DEB7A87}.Release|Any CPU.ActiveCfg = Release|Any CPU
		{0EF6BB72-5E0D-4D3E-840E-63AF0DEB7A87}.Release|Any CPU.Build.0 = Release|Any CPU
	EndGlobalSection
	GlobalSection(SolutionProperties) = preSolution
		HideSolutionNode = FALSE
	EndGlobalSection
	GlobalSection(ExtensibilityGlobals) = postSolution
		SolutionGuid = {6200672F-5041-4586-ABFE-1A29808152BE}
	EndGlobalSection
EndGlobal
